{
  "name": "html6",
  "version": "0.2.1",
  "lockfileVersion": 3,
  "requires": true,
  "packages": {
    "": {
      "name": "html6",
      "version": "0.2.1",
      "license": "ISC",
      "dependencies": {
        "persille": "^1.1.0"
      },
      "devDependencies": {
        "extras": "^0.15.0",
        "furu": "^0.4.4",
        "hevd": "^0.1.1",
        "pirates": "^4.0.6"
      }
    },
    "node_modules/@noble/hashes": {
      "version": "1.3.3",
      "resolved": "https://registry.npmjs.org/@noble/hashes/-/hashes-1.3.3.tgz",
      "integrity": "sha512-V7/fPHgl+jsVPXqqeOzT8egNj2iBIVt+ECeMMG8TdcnTikP3oaBtUVqpT/gYCR68aEBJSF+XbYUxStjbFMqIIA==",
      "dev": true,
      "engines": {
        "node": ">= 16"
      },
      "funding": {
        "url": "https://paulmillr.com/funding/"
      }
    },
    "node_modules/@paralleldrive/cuid2": {
      "version": "2.2.2",
      "resolved": "https://registry.npmjs.org/@paralleldrive/cuid2/-/cuid2-2.2.2.tgz",
      "integrity": "sha512-ZOBkgDwEdoYVlSeRbYYXs0S9MejQofiVYoTbKzy/6GQa39/q5tQU2IX46+shYnUkpEl3wc+J6wRlar7r2EK2xA==",
      "dev": true,
      "dependencies": {
        "@noble/hashes": "^1.1.5"
      }
    },
    "node_modules/accepts": {
      "version": "1.3.8",
      "resolved": "https://registry.npmjs.org/accepts/-/accepts-1.3.8.tgz",
      "integrity": "sha512-PYAthTa2m2VKxuvSD3DPC/Gy+U+sOA1LAuT8mkmRuvw+NACSaeXEQ+NHcVF7rONl6qcaxV3Uuemwawk+7+SJLw==",
      "dev": true,
      "license": "MIT",
      "dependencies": {
        "mime-types": "~2.1.34",
        "negotiator": "0.6.3"
      },
      "engines": {
        "node": ">= 0.6"
      }
    },
    "node_modules/argparse": {
      "version": "2.0.1",
      "resolved": "https://registry.npmjs.org/argparse/-/argparse-2.0.1.tgz",
      "integrity": "sha512-8+9WqebbFzpX9OR+Wa6O29asIogeRMzcGtAINdpMHHyAg10f05aSFVBbcEqGf/PXw1EjAZ+q2/bEBg3DvurK3Q==",
      "dev": true
    },
    "node_modules/bcryptjs": {
      "version": "2.4.3",
      "resolved": "https://registry.npmjs.org/bcryptjs/-/bcryptjs-2.4.3.tgz",
      "integrity": "sha512-V/Hy/X9Vt7f3BbPJEi8BdVFMByHi+jNXrYkW3huaybV/kQ0KJg0Y6PkEMbn+zeT+i+SiKZ/HMqJGIIt4LZDqNQ==",
      "dev": true
    },
    "node_modules/bparse": {
      "version": "0.4.0",
      "resolved": "https://registry.npmjs.org/bparse/-/bparse-0.4.0.tgz",
      "integrity": "sha512-cC49PSTuA7r3law3AiYEeLaWC6NEo0RB9yXH/EgvTzHfnhTr5pDdiNHE1RiJVlyOFBJf6tKtCPN2ve5kAaLYtg==",
      "dev": true,
      "license": "MIT",
      "dependencies": {
        "formidable": "git+https://git@github.com/eldoy/formidable.git"
      }
    },
    "node_modules/compressible": {
      "version": "2.0.18",
      "resolved": "https://registry.npmjs.org/compressible/-/compressible-2.0.18.tgz",
      "integrity": "sha512-AF3r7P5dWxL8MxyITRMlORQNaOA2IkAFaTr4k7BUumjPtRpGDTZpl0Pb1XCO6JeDCBdp126Cgs9sMxqSjgYyRg==",
      "dev": true,
      "license": "MIT",
      "dependencies": {
        "mime-db": ">= 1.43.0 < 2"
      },
      "engines": {
        "node": ">= 0.6"
      }
    },
    "node_modules/extras": {
      "version": "0.15.0",
      "resolved": "https://registry.npmjs.org/extras/-/extras-0.15.0.tgz",
      "integrity": "sha512-QEU4dxiQcoZDpWG8TM+AcYxbAmx+cIuY0zR4kc/7hL3SvsQRq246c8SkTIzHrZPZrA4NwOxnZDdlE0MctM42sw==",
      "dev": true,
      "license": "MIT",
      "dependencies": {
        "@paralleldrive/cuid2": "^2.2.2",
        "bcryptjs": "^2.4.3",
        "js-yaml": "^4.1.0",
        "lodash": "^4.17.21",
        "uuid": "^10.0.0"
      }
    },
    "node_modules/formidable": {
      "version": "1.2.2",
      "resolved": "git+https://git@github.com/eldoy/formidable.git#9dc9a00ff22c8b56aca8b4d829ea190bc6ca4d59",
      "dev": true,
      "license": "MIT"
    },
    "node_modules/furu": {
      "version": "0.4.4",
      "resolved": "https://registry.npmjs.org/furu/-/furu-0.4.4.tgz",
      "integrity": "sha512-nS+w1xuDxW8v5nh7OvPXZwxjQG6meBR7pdN5GvofQ7pzG65EBUaJFlz2ijHPTU+0N+MGMyKFy5s2g6pR+Z2lrw==",
      "dev": true,
      "license": "ISC",
      "dependencies": {
        "bparse": "^0.4.0",
        "extras": "^0.15.0",
        "kross": "^0.2.2",
        "mime-types": "^2.1.35",
        "rekvest": "^0.1.7",
        "reqlang": "^0.1.3",
        "reqroute": "^0.1.4",
        "smor": "^0.1.1",
        "wcookie": "^0.4.3",
        "ws": "^8.18.0"
      }
    },
    "node_modules/hevd": {
      "version": "0.1.1",
      "resolved": "https://registry.npmjs.org/hevd/-/hevd-0.1.1.tgz",
      "integrity": "sha512-0nDOR9CQV39zEQ5u6Z2VgutRdadN9vtWzjeMjg6byrAaSoCpzhG6x/wFpPwHdiJcrREiPPGWgg1bm3Fwg676cQ==",
      "dev": true
    },
    "node_modules/js-yaml": {
      "version": "4.1.0",
      "resolved": "https://registry.npmjs.org/js-yaml/-/js-yaml-4.1.0.tgz",
      "integrity": "sha512-wpxZs9NoxZaJESJGIZTyDEaYpl0FKSA+FB9aJiyemKhMwkxQg63h4T1KJgUGHpTqPDNRcmmYLugrRjJlBtWvRA==",
      "dev": true,
      "dependencies": {
        "argparse": "^2.0.1"
      },
      "bin": {
        "js-yaml": "bin/js-yaml.js"
      }
    },
    "node_modules/kross": {
      "version": "0.2.2",
      "resolved": "https://registry.npmjs.org/kross/-/kross-0.2.2.tgz",
      "integrity": "sha512-0vL6aXf8qwTYkv9XqVvzpMl/W3wSKKQoEo6wHcaAhh70Iqof8sAzeSagWW00sTVDID0ALni5xFUzJkCaNWnBHw==",
      "dev": true,
      "license": "MIT"
    },
    "node_modules/lodash": {
      "version": "4.17.21",
      "resolved": "https://registry.npmjs.org/lodash/-/lodash-4.17.21.tgz",
      "integrity": "sha512-v2kDEe57lecTulaDIuNTPy3Ry4gLGJ6Z1O3vE1krgXZNrsQ+LFTGHVxVjcXPs17LhbZVGedAJv8XZ1tvj5FvSg==",
      "dev": true
    },
    "node_modules/mime-db": {
      "version": "1.52.0",
      "resolved": "https://registry.npmjs.org/mime-db/-/mime-db-1.52.0.tgz",
      "integrity": "sha512-sPU4uV7dYlvtWJxwwxHD0PuihVNiE7TyAbQ5SWxDCB9mUYvOgroQOwYQQOKPJ8CIbE+1ETVlOoK1UC2nU3gYvg==",
      "dev": true,
      "license": "MIT",
      "engines": {
        "node": ">= 0.6"
      }
    },
    "node_modules/mime-types": {
      "version": "2.1.35",
      "resolved": "https://registry.npmjs.org/mime-types/-/mime-types-2.1.35.tgz",
      "integrity": "sha512-ZDY+bPm5zTTF+YpCrAU9nK0UgICYPT0QtT1NZWFv4s++TNkcgVaT0g6+4R2uI4MjQjzysHB1zxuWL50hzaeXiw==",
      "dev": true,
      "license": "MIT",
      "dependencies": {
        "mime-db": "1.52.0"
      },
      "engines": {
        "node": ">= 0.6"
      }
    },
    "node_modules/negotiator": {
      "version": "0.6.3",
      "resolved": "https://registry.npmjs.org/negotiator/-/negotiator-0.6.3.tgz",
      "integrity": "sha512-+EUsqGPLsM+j/zdChZjsnX51g4XrHFOIXwfnCVPGlQk/k5giakcKsuxCObBRu6DSm9opw/O6slWbJdghQM4bBg==",
      "dev": true,
      "license": "MIT",
      "engines": {
        "node": ">= 0.6"
      }
    },
    "node_modules/persille": {
      "version": "1.1.0",
      "resolved": "https://registry.npmjs.org/persille/-/persille-1.1.0.tgz",
      "integrity": "sha512-BVjqBXrw+iD9hSKP981tmztH39ogltRu4EH8bFAGE5/CenkYbOMeTgdHBjFAwG8lu9FokqsesbqxJ1ITYG+PMQ=="
    },
    "node_modules/pirates": {
      "version": "4.0.6",
      "resolved": "https://registry.npmjs.org/pirates/-/pirates-4.0.6.tgz",
      "integrity": "sha512-saLsH7WeYYPiD25LDuLRRY/i+6HaPYr6G1OUlN39otzkSTxKnubR9RTxS3/Kk50s1g2JTgFwWQDQyplC5/SHZg==",
      "dev": true,
      "engines": {
        "node": ">= 6"
      }
    },
    "node_modules/rekvest": {
      "version": "0.1.7",
      "resolved": "https://registry.npmjs.org/rekvest/-/rekvest-0.1.7.tgz",
      "integrity": "sha512-NQuo3w1IXSCVplapzYax1EQNsqDcuxMD+MxztEZcNB94b3K8YnBC3xKH8F/jYFlcb/tu6tGWpZI9Aex9OVa5Wg==",
      "dev": true,
      "license": "MIT"
    },
    "node_modules/reqlang": {
      "version": "0.1.3",
      "resolved": "https://registry.npmjs.org/reqlang/-/reqlang-0.1.3.tgz",
      "integrity": "sha512-2F/2KtLIZEpiQhRtWkemvSJqA76nF8c+du+zgf/tC5+8AIqCABbNMr5sb+ji0sFKbu1g3T7QhRpQU1VFgtvmbw==",
      "dev": true,
      "license": "ISC"
    },
    "node_modules/reqroute": {
      "version": "0.1.4",
      "resolved": "https://registry.npmjs.org/reqroute/-/reqroute-0.1.4.tgz",
      "integrity": "sha512-p5Vx+SO00YWqshRQ5sib+9SeCBHfOh6zhe+1ShM3+5dtoES9evBQpXUo6HUW76RzNhUOEysCm0Q0BeCsiO45Rg==",
      "dev": true,
      "license": "ISC"
    },
    "node_modules/smor": {
      "version": "0.1.1",
      "resolved": "https://registry.npmjs.org/smor/-/smor-0.1.1.tgz",
      "integrity": "sha512-X6dzP9KyYtjsppqlIBObtieU+iMO0UUoG+mGd9cJMOk0BIF4xSt+DEOlO9BZEO6MUTZn4Ou8gjiX93+KF/imvQ==",
      "dev": true,
      "license": "MIT",
      "dependencies": {
        "accepts": "^1.3.8",
        "compressible": "^2.0.18",
        "mime-types": "^2.1.35",
        "rekvest": "^0.1.7",
        "vary": "^1.1.2"
      }
    },
    "node_modules/uuid": {
      "version": "10.0.0",
      "resolved": "https://registry.npmjs.org/uuid/-/uuid-10.0.0.tgz",
      "integrity": "sha512-8XkAphELsDnEGrDxUOHB3RGvXz6TeuYSGEZBOjtTtPm2lwhGBjLgOzLHB63IUWfBpNucQjND6d3AOudO+H3RWQ==",
      "dev": true,
      "funding": [
        "https://github.com/sponsors/broofa",
        "https://github.com/sponsors/ctavan"
      ],
      "license": "MIT",
      "bin": {
        "uuid": "dist/bin/uuid"
      }
    },
    "node_modules/vary": {
      "version": "1.1.2",
      "resolved": "https://registry.npmjs.org/vary/-/vary-1.1.2.tgz",
      "integrity": "sha512-BNGbWLfd0eUPabhkXUVm0j8uuvREyTh5ovRa/dyow/BqAbZJyC+5fU+IzQOzmAKzYqYRAISoRhdQr3eIZ/PXqg==",
      "dev": true,
      "license": "MIT",
      "engines": {
        "node": ">= 0.8"
      }
    },
    "node_modules/wcookie": {
      "version": "0.4.3",
      "resolved": "https://registry.npmjs.org/wcookie/-/wcookie-0.4.3.tgz",
      "integrity": "sha512-drhp/R5zyi7w8IxHoBSST3ROJ0ldxNjNNaXseOEyXdFWFy0ngrsnwz8bZMJ2Vi3Sp5Pg/zyvcd4O2jKSIPyliA==",
      "dev": true,
      "license": "MIT"
    },
    "node_modules/ws": {
      "version": "8.18.0",
      "resolved": "https://registry.npmjs.org/ws/-/ws-8.18.0.tgz",
      "integrity": "sha512-8VbfWfHLbbwu3+N6OKsOMpBdT4kXPDDB9cJk2bJ6mh9ucxdlnNvH1e+roYkKmN9Nxw2yjz7VzeO9oOz2zJ04Pw==",
      "dev": true,
      "license": "MIT",
      "engines": {
        "node": ">=10.0.0"
      },
      "peerDependencies": {
        "bufferutil": "^4.0.1",
        "utf-8-validate": ">=5.0.2"
      },
      "peerDependenciesMeta": {
        "bufferutil": {
          "optional": true
        },
        "utf-8-validate": {
          "optional": true
        }
      }
    }
  }
}
